
Microsoft Visual Studio Solution File, Format Version 12.00
# Visual Studio Version 17
VisualStudioVersion = 17.8.34330.188
MinimumVisualStudioVersion = 10.0.40219.1
Project("{FAE04EC0-301F-11D3-BF4B-00C04F79EFBC}") = "Lav.Pav6.2c.Pavliy", "Lav.Pav6.2c.Pavliy\Lav.Pav6.2c.Pavliy.csproj", "{4A357B83-44E2-4016-B391-92B8A2BD8784}"
EndProject
Project("{FAE04EC0-301F-11D3-BF4B-00C04F79EFBC}") = "ClassLibrary1", "ClassLibrary1\ClassLibrary1.csproj", "{B5E2EE41-4709-4F7A-A3FF-0813946900BA}"
EndProject
Global
	GlobalSection(SolutionConfigurationPlatforms) = preSolution
		Debug|Any CPU = Debug|Any CPU
		Release|Any CPU = Release|Any CPU
	EndGlobalSection
	GlobalSection(ProjectConfigurationPlatforms) = postSolution
		{4A357B83-44E2-4016-B391-92B8A2BD8784}.Debug|Any CPU.ActiveCfg = Debug|Any CPU
		{4A357B83-44E2-4016-B391-92B8A2BD8784}.Debug|Any CPU.Build.0 = Debug|Any CPU
		{4A357B83-44E2-4016-B391-92B8A2BD8784}.Release|Any CPU.ActiveCfg = Release|Any CPU
		{4A357B83-44E2-4016-B391-92B8A2BD8784}.Release|Any CPU.Build.0 = Release|Any CPU
		{B5E2EE41-4709-4F7A-A3FF-0813946900BA}.Debug|Any CPU.ActiveCfg = Debug|Any CPU
		{B5E2EE41-4709-4F7A-A3FF-0813946900BA}.Debug|Any CPU.Build.0 = Debug|Any CPU
		{B5E2EE41-4709-4F7A-A3FF-0813946900BA}.Release|Any CPU.ActiveCfg = Release|Any CPU
		{B5E2EE41-4709-4F7A-A3FF-0813946900BA}.Release|Any CPU.Build.0 = Release|Any CPU
	EndGlobalSection
	GlobalSection(SolutionProperties) = preSolution
		HideSolutionNode = FALSE
	EndGlobalSection
	GlobalSection(ExtensibilityGlobals) = postSolution
		SolutionGuid = {1EA9E934-8BBC-4AD5-88D8-D009FBCA72BB}
	EndGlobalSection
EndGlobal
